
Microsoft Visual Studio Solution File, Format Version 12.00
# Visual Studio 15
VisualStudioVersion = 15.0.28307.1082
MinimumVisualStudioVersion = 10.0.40219.1
Project("{F184B08F-C81C-45F6-A57F-5ABD9991F28F}") = "simpleForm2", "simpleForm2\simpleForm2.vbproj", "{E32EA883-6828-4F71-B2CB-89C709390FCF}"
EndProject
Global
	GlobalSection(SolutionConfigurationPlatforms) = preSolution
		Debug|Any CPU = Debug|Any CPU
		Release|Any CPU = Release|Any CPU
	EndGlobalSection
	GlobalSection(ProjectConfigurationPlatforms) = postSolution
		{E32EA883-6828-4F71-B2CB-89C709390FCF}.Debug|Any CPU.ActiveCfg = Debug|Any CPU
		{E32EA883-6828-4F71-B2CB-89C709390FCF}.Debug|Any CPU.Build.0 = Debug|Any CPU
		{E32EA883-6828-4F71-B2CB-89C709390FCF}.Release|Any CPU.ActiveCfg = Release|Any CPU
		{E32EA883-6828-4F71-B2CB-89C709390FCF}.Release|Any CPU.Build.0 = Release|Any CPU
	EndGlobalSection
	GlobalSection(SolutionProperties) = preSolution
		HideSolutionNode = FALSE
	EndGlobalSection
	GlobalSection(ExtensibilityGlobals) = postSolution
		SolutionGuid = {7CBBD056-BF3B-4D20-97C6-771347CCCBC4}
	EndGlobalSection
EndGlobal
